
Microsoft Visual Studio Solution File, Format Version 12.00
# Visual Studio Version 17
VisualStudioVersion = 17.8.34408.163
MinimumVisualStudioVersion = 10.0.40219.1
Project("{FAE04EC0-301F-11D3-BF4B-00C04F79EFBC}") = "Task_2", "Task_2\Task_2.csproj", "{A3D06AB8-7703-4B57-A1BD-8C012FB7E8AA}"
EndProject
Global
	GlobalSection(SolutionConfigurationPlatforms) = preSolution
		Debug|Any CPU = Debug|Any CPU
		Release|Any CPU = Release|Any CPU
	EndGlobalSection
	GlobalSection(ProjectConfigurationPlatforms) = postSolution
		{A3D06AB8-7703-4B57-A1BD-8C012FB7E8AA}.Debug|Any CPU.ActiveCfg = Debug|Any CPU
		{A3D06AB8-7703-4B57-A1BD-8C012FB7E8AA}.Debug|Any CPU.Build.0 = Debug|Any CPU
		{A3D06AB8-7703-4B57-A1BD-8C012FB7E8AA}.Release|Any CPU.ActiveCfg = Release|Any CPU
		{A3D06AB8-7703-4B57-A1BD-8C012FB7E8AA}.Release|Any CPU.Build.0 = Release|Any CPU
	EndGlobalSection
	GlobalSection(SolutionProperties) = preSolution
		HideSolutionNode = FALSE
	EndGlobalSection
	GlobalSection(ExtensibilityGlobals) = postSolution
		SolutionGuid = {6E492900-4380-46C7-AC0A-6A7D9C3CEA7C}
	EndGlobalSection
EndGlobal
